
Microsoft Visual Studio Solution File, Format Version 12.00
# Visual Studio Version 16
VisualStudioVersion = 16.0.31624.102
MinimumVisualStudioVersion = 10.0.40219.1
Project("{FAE04EC0-301F-11D3-BF4B-00C04F79EFBC}") = "TravelExperts", "TravelExperts\TravelExperts.csproj", "{417001E6-7894-4D05-90CE-99773B5BC9C0}"
EndProject
Project("{FAE04EC0-301F-11D3-BF4B-00C04F79EFBC}") = "TravelExperts.Models", "TravelExperts.Models\TravelExperts.Models.csproj", "{1F55E6B0-45E0-4D6A-A9DB-306BDF1ABC95}"
EndProject
Global
	GlobalSection(SolutionConfigurationPlatforms) = preSolution
		Debug|Any CPU = Debug|Any CPU
		Release|Any CPU = Release|Any CPU
	EndGlobalSection
	GlobalSection(ProjectConfigurationPlatforms) = postSolution
		{417001E6-7894-4D05-90CE-99773B5BC9C0}.Debug|Any CPU.ActiveCfg = Debug|Any CPU
		{417001E6-7894-4D05-90CE-99773B5BC9C0}.Debug|Any CPU.Build.0 = Debug|Any CPU
		{417001E6-7894-4D05-90CE-99773B5BC9C0}.Release|Any CPU.ActiveCfg = Release|Any CPU
		{417001E6-7894-4D05-90CE-99773B5BC9C0}.Release|Any CPU.Build.0 = Release|Any CPU
		{1F55E6B0-45E0-4D6A-A9DB-306BDF1ABC95}.Debug|Any CPU.ActiveCfg = Debug|Any CPU
		{1F55E6B0-45E0-4D6A-A9DB-306BDF1ABC95}.Debug|Any CPU.Build.0 = Debug|Any CPU
		{1F55E6B0-45E0-4D6A-A9DB-306BDF1ABC95}.Release|Any CPU.ActiveCfg = Release|Any CPU
		{1F55E6B0-45E0-4D6A-A9DB-306BDF1ABC95}.Release|Any CPU.Build.0 = Release|Any CPU
	EndGlobalSection
	GlobalSection(SolutionProperties) = preSolution
		HideSolutionNode = FALSE
	EndGlobalSection
	GlobalSection(ExtensibilityGlobals) = postSolution
		SolutionGuid = {870CB799-69DD-43A0-A610-43760004291A}
	EndGlobalSection
EndGlobal
